
Microsoft Visual Studio Solution File, Format Version 12.00
# Visual Studio 15
Project("{FAE04EC0-301F-11D3-BF4B-00C04F79EFBC}") = "Assembly-CSharp", "Assembly-CSharp.csproj", "{86043B62-437E-2E61-A564-640995F7A221}"
EndProject
Project("{FAE04EC0-301F-11D3-BF4B-00C04F79EFBC}") = "Assembly-CSharp-Editor", "Assembly-CSharp-Editor.csproj", "{5AE437FF-72DF-B191-840E-0E3A868BF82C}"
EndProject
Global
	GlobalSection(SolutionConfigurationPlatforms) = preSolution
		Debug|Any CPU = Debug|Any CPU
		Release|Any CPU = Release|Any CPU
	EndGlobalSection
	GlobalSection(ProjectConfigurationPlatforms) = postSolution
		{86043B62-437E-2E61-A564-640995F7A221}.Debug|Any CPU.ActiveCfg = Debug|Any CPU
		{86043B62-437E-2E61-A564-640995F7A221}.Debug|Any CPU.Build.0 = Debug|Any CPU
		{86043B62-437E-2E61-A564-640995F7A221}.Release|Any CPU.ActiveCfg = Release|Any CPU
		{86043B62-437E-2E61-A564-640995F7A221}.Release|Any CPU.Build.0 = Release|Any CPU
		{5AE437FF-72DF-B191-840E-0E3A868BF82C}.Debug|Any CPU.ActiveCfg = Debug|Any CPU
		{5AE437FF-72DF-B191-840E-0E3A868BF82C}.Debug|Any CPU.Build.0 = Debug|Any CPU
		{5AE437FF-72DF-B191-840E-0E3A868BF82C}.Release|Any CPU.ActiveCfg = Release|Any CPU
		{5AE437FF-72DF-B191-840E-0E3A868BF82C}.Release|Any CPU.Build.0 = Release|Any CPU
	EndGlobalSection
	GlobalSection(SolutionProperties) = preSolution
		HideSolutionNode = FALSE
	EndGlobalSection
EndGlobal
